
Microsoft Visual Studio Solution File, Format Version 12.00
# Visual Studio Version 17
VisualStudioVersion = 17.0.31903.59
MinimumVisualStudioVersion = 10.0.40219.1
Project("{9A19103F-16F7-4668-BE54-9A1E7A4F7556}") = "Application", "Application\Application.csproj", "{80D9DD89-85B0-4883-8A6F-49374D556A80}"
EndProject
Project("{9A19103F-16F7-4668-BE54-9A1E7A4F7556}") = "Infrastructure", "Infrastructure\Infrastructure.csproj", "{45897B0F-BFC3-4FF1-B344-4BA07CA035A2}"
EndProject
Project("{9A19103F-16F7-4668-BE54-9A1E7A4F7556}") = "Domain", "Domain\Domain.csproj", "{9A19A906-4886-4759-B271-5E3D81785115}"
EndProject
Project("{FAE04EC0-301F-11D3-BF4B-00C04F79EFBC}") = "Presentation", "Presentation\Presentation.csproj", "{F1A1DA27-6A52-4758-B3FC-07095342FFCA}"
EndProject
Project("{FAE04EC0-301F-11D3-BF4B-00C04F79EFBC}") = "Tests", "Tests\Tests.csproj", "{DFBEDF7E-5022-4534-9273-9258CF618542}"
EndProject
Global
	GlobalSection(SolutionConfigurationPlatforms) = preSolution
		Debug|Any CPU = Debug|Any CPU
		Release|Any CPU = Release|Any CPU
	EndGlobalSection
	GlobalSection(ProjectConfigurationPlatforms) = postSolution
		{80D9DD89-85B0-4883-8A6F-49374D556A80}.Debug|Any CPU.ActiveCfg = Debug|Any CPU
		{80D9DD89-85B0-4883-8A6F-49374D556A80}.Debug|Any CPU.Build.0 = Debug|Any CPU
		{80D9DD89-85B0-4883-8A6F-49374D556A80}.Release|Any CPU.ActiveCfg = Release|Any CPU
		{80D9DD89-85B0-4883-8A6F-49374D556A80}.Release|Any CPU.Build.0 = Release|Any CPU
		{45897B0F-BFC3-4FF1-B344-4BA07CA035A2}.Debug|Any CPU.ActiveCfg = Debug|Any CPU
		{45897B0F-BFC3-4FF1-B344-4BA07CA035A2}.Debug|Any CPU.Build.0 = Debug|Any CPU
		{45897B0F-BFC3-4FF1-B344-4BA07CA035A2}.Release|Any CPU.ActiveCfg = Release|Any CPU
		{45897B0F-BFC3-4FF1-B344-4BA07CA035A2}.Release|Any CPU.Build.0 = Release|Any CPU
		{9A19A906-4886-4759-B271-5E3D81785115}.Debug|Any CPU.ActiveCfg = Debug|Any CPU
		{9A19A906-4886-4759-B271-5E3D81785115}.Debug|Any CPU.Build.0 = Debug|Any CPU
		{9A19A906-4886-4759-B271-5E3D81785115}.Release|Any CPU.ActiveCfg = Release|Any CPU
		{9A19A906-4886-4759-B271-5E3D81785115}.Release|Any CPU.Build.0 = Release|Any CPU
		{F1A1DA27-6A52-4758-B3FC-07095342FFCA}.Debug|Any CPU.ActiveCfg = Debug|Any CPU
		{F1A1DA27-6A52-4758-B3FC-07095342FFCA}.Debug|Any CPU.Build.0 = Debug|Any CPU
		{F1A1DA27-6A52-4758-B3FC-07095342FFCA}.Release|Any CPU.ActiveCfg = Release|Any CPU
		{F1A1DA27-6A52-4758-B3FC-07095342FFCA}.Release|Any CPU.Build.0 = Release|Any CPU
		{DFBEDF7E-5022-4534-9273-9258CF618542}.Debug|Any CPU.ActiveCfg = Debug|Any CPU
		{DFBEDF7E-5022-4534-9273-9258CF618542}.Debug|Any CPU.Build.0 = Debug|Any CPU
		{DFBEDF7E-5022-4534-9273-9258CF618542}.Release|Any CPU.ActiveCfg = Release|Any CPU
		{DFBEDF7E-5022-4534-9273-9258CF618542}.Release|Any CPU.Build.0 = Release|Any CPU
	EndGlobalSection
	GlobalSection(SolutionProperties) = preSolution
		HideSolutionNode = FALSE
	EndGlobalSection
	GlobalSection(ExtensibilityGlobals) = postSolution
		SolutionGuid = {0365A7B8-D11C-447A-B279-6F0A92E4C425}
	EndGlobalSection
EndGlobal
